{
    "_meta": {
        "hash": {
            "sha256": "51c83f23197ecb9823d8fdb700f545fa100ab32460663de36f4b94d6328fa6bd"
        },
        "pipfile-spec": 6,
        "requires": {
            "python_full_version": "2.7"
        },
        "sources": [
            {
                "name": "pypi",
                "url": "https://pypi.python.org/simple",
                "verify_ssl": true
            }
        ]
    },
    "default": {},
    "develop": {}
}
