{
    "_meta": {
        "hash": {
            "sha256": "65a1ccaced0e2bbbed5d9e20e4651aabbee18bb37e83e6fa548caa6f6b601a50"
        },
        "pipfile-spec": 6,
        "requires": {
            "python_full_version": "2.7"
        },
        "sources": [
            {
                "name": "pypi",
                "url": "https://pypi.python.org/simple",
                "verify_ssl": true
            }
        ]
    },
    "default": {},
    "develop": {}
}
