{
    "_meta": {
        "hash": {
            "sha256": "5c58d558a28461f692d71eeae61e361465268548476d76f45daf81afb29ec90f"
        },
        "pipfile-spec": 6,
        "requires": {
            "python_full_version": "2.7"
        },
        "sources": [
            {
                "name": "pypi",
                "url": "https://pypi.python.org/simple",
                "verify_ssl": true
            }
        ]
    },
    "default": {
        "terrafile": {
            "git": "https://github.com/cmartinez85/python-terrafile.git",
            "ref": "073fd8cff5922a7b3f284cca85d5d712e9d41b0e"
        }
    },
    "develop": {}
}
